
Microsoft Visual Studio Solution File, Format Version 12.00
# Visual Studio Version 17
VisualStudioVersion = 17.4.33110.190
MinimumVisualStudioVersion = 10.0.40219.1
Project("{FAE04EC0-301F-11D3-BF4B-00C04F79EFBC}") = "AzureADWebApp", "AzureADWebApp.csproj", "{F087A325-87DC-4E77-9F82-CC0E3F71C265}"
EndProject
Global
	GlobalSection(SolutionConfigurationPlatforms) = preSolution
		Debug|Any CPU = Debug|Any CPU
		Release|Any CPU = Release|Any CPU
	EndGlobalSection
	GlobalSection(ProjectConfigurationPlatforms) = postSolution
		{F087A325-87DC-4E77-9F82-CC0E3F71C265}.Debug|Any CPU.ActiveCfg = Debug|Any CPU
		{F087A325-87DC-4E77-9F82-CC0E3F71C265}.Debug|Any CPU.Build.0 = Debug|Any CPU
		{F087A325-87DC-4E77-9F82-CC0E3F71C265}.Release|Any CPU.ActiveCfg = Release|Any CPU
		{F087A325-87DC-4E77-9F82-CC0E3F71C265}.Release|Any CPU.Build.0 = Release|Any CPU
	EndGlobalSection
	GlobalSection(SolutionProperties) = preSolution
		HideSolutionNode = FALSE
	EndGlobalSection
	GlobalSection(ExtensibilityGlobals) = postSolution
		SolutionGuid = {154EA458-3129-4D2D-AB35-40973051508C}
	EndGlobalSection
EndGlobal
